// !$*UTF8*$!
{
	archiveVersion = 1;
	classes = {
	};
	objectVersion = 55;
	objects = {

/* Begin PBXBuildFile section */
		930CFF4E2581878D00E8E979 /* Airspace Fan.swift in Sources */ = {isa = PBXBuildFile; fileRef = 930CFF252581878B00E8E979 /* Airspace Fan.swift */; };
		930CFF502581878D00E8E979 /* ContentView.swift in Sources */ = {isa = PBXBuildFile; fileRef = 930CFF262581878B00E8E979 /* ContentView.swift */; };
		930CFF522581878D00E8E979 /* Assets.xcassets in Resources */ = {isa = PBXBuildFile; fileRef = 930CFF272581878C00E8E979 /* Assets.xcassets */; };
		930CFF67258187EE00E8E979 /* Network resources.swift in Sources */ = {isa = PBXBuildFile; fileRef = 930CFF66258187EE00E8E979 /* Network resources.swift */; };
		930CFF732581881000E8E979 /* Fan Model.swift in Sources */ = {isa = PBXBuildFile; fileRef = 930CFF722581881000E8E979 /* Fan Model.swift */; };
		930CFF8D2581884000E8E979 /* House Model.swift in Sources */ = {isa = PBXBuildFile; fileRef = 930CFF8C2581884000E8E979 /* House Model.swift */; };
		930CFF942581884B00E8E979 /* House View Model.swift in Sources */ = {isa = PBXBuildFile; fileRef = 930CFF932581884B00E8E979 /* House View Model.swift */; };
		930CFFC5258188F400E8E979 /* Fan View.swift in Sources */ = {isa = PBXBuildFile; fileRef = 930CFFC4258188F400E8E979 /* Fan View.swift */; };
		930CFFCC258188FF00E8E979 /* House View.swift in Sources */ = {isa = PBXBuildFile; fileRef = 930CFFCB258188FF00E8E979 /* House View.swift */; };
		930CFFD32581890700E8E979 /* Settings View.swift in Sources */ = {isa = PBXBuildFile; fileRef = 930CFFD22581890700E8E979 /* Settings View.swift */; };
		9339093F275AC008007D528D /* RangeSlider.swift in Sources */ = {isa = PBXBuildFile; fileRef = 9339093E275AC008007D528D /* RangeSlider.swift */; };
		933A987E25AAA9240084C535 /* Weather Model.swift in Sources */ = {isa = PBXBuildFile; fileRef = 933A987D25AAA9240084C535 /* Weather Model.swift */; };
		933A988425AAE47B0084C535 /* Server.plist in Resources */ = {isa = PBXBuildFile; fileRef = 933A988325AAE47B0084C535 /* Server.plist */; };
		934C8ABA25AB92380037906C /* Location Model.swift in Sources */ = {isa = PBXBuildFile; fileRef = 934C8AB925AB92380037906C /* Location Model.swift */; };
		934C8AC925AB926F0037906C /* Alarm Model.swift in Sources */ = {isa = PBXBuildFile; fileRef = 934C8AC825AB926F0037906C /* Alarm Model.swift */; };
		934C8AD025AB92AB0037906C /* Storage Model.swift in Sources */ = {isa = PBXBuildFile; fileRef = 934C8ACF25AB92AB0037906C /* Storage Model.swift */; };
		936D84E027B489AB002E9645 /* Fan_with_SwiftUITests.swift in Sources */ = {isa = PBXBuildFile; fileRef = 936D84DF27B489AB002E9645 /* Fan_with_SwiftUITests.swift */; };
		936F79D8259FADD500AACA53 /* Timer Sheet.swift in Sources */ = {isa = PBXBuildFile; fileRef = 936F79D7259FADD500AACA53 /* Timer Sheet.swift */; };
		936F79E2259FADFC00AACA53 /* Detail Sheet.swift in Sources */ = {isa = PBXBuildFile; fileRef = 936F79E1259FADFC00AACA53 /* Detail Sheet.swift */; };
		936F79E8259FAE0F00AACA53 /* Name Sheet.swift in Sources */ = {isa = PBXBuildFile; fileRef = 936F79E7259FAE0F00AACA53 /* Name Sheet.swift */; };
		937F7C5025952138009E4754 /* Custom Operators.swift in Sources */ = {isa = PBXBuildFile; fileRef = 937F7C4F25952138009E4754 /* Custom Operators.swift */; };
		937F7C5725952358009E4754 /* Custom Errors.swift in Sources */ = {isa = PBXBuildFile; fileRef = 937F7C5625952358009E4754 /* Custom Errors.swift */; };
		937F7C622595239B009E4754 /* Custom UI.swift in Sources */ = {isa = PBXBuildFile; fileRef = 937F7C612595239B009E4754 /* Custom UI.swift */; };
		937F7C7125952556009E4754 /* Test Objects.swift in Sources */ = {isa = PBXBuildFile; fileRef = 937F7C7025952556009E4754 /* Test Objects.swift */; };
		9380A2B227359DBA0000F465 /* No Fan View.swift in Sources */ = {isa = PBXBuildFile; fileRef = 9380A2B127359DBA0000F465 /* No Fan View.swift */; };
		93929999280A25590043017D /* Logging.swift in Sources */ = {isa = PBXBuildFile; fileRef = 93929998280A25590043017D /* Logging.swift */; };
		9392999B280B84CE0043017D /* Settings View Model.swift in Sources */ = {isa = PBXBuildFile; fileRef = 9392999A280B84CD0043017D /* Settings View Model.swift */; };
		93CF0A092731E44100307298 /* Fatal Fault Sheet.swift in Sources */ = {isa = PBXBuildFile; fileRef = 93CF0A082731E43E00307298 /* Fatal Fault Sheet.swift */; };
		93CF9548258984A1004BBD49 /* Fan View Model.swift in Sources */ = {isa = PBXBuildFile; fileRef = 93CF9547258984A1004BBD49 /* Fan View Model.swift */; };
		93D1EEB1273EF88600D7DF77 /* Pulldown Refresh.swift in Sources */ = {isa = PBXBuildFile; fileRef = 93D1EEB0273EF88600D7DF77 /* Pulldown Refresh.swift */; };
		93D1EEB427418A0A00D7DF77 /* Segmented Indicator Picker.swift in Sources */ = {isa = PBXBuildFile; fileRef = 93D1EEB327418A0900D7DF77 /* Segmented Indicator Picker.swift */; };
		93EFF7DD27557635000E3308 /* Inertial Rotator.swift in Sources */ = {isa = PBXBuildFile; fileRef = 93EFF7DC27557635000E3308 /* Inertial Rotator.swift */; };
		93F31BD4267002370056DCA1 /* Launch Screen.storyboard in Resources */ = {isa = PBXBuildFile; fileRef = 93F31BD3267002370056DCA1 /* Launch Screen.storyboard */; };
		93F31BEF2670130C0056DCA1 /* Fan.png in Resources */ = {isa = PBXBuildFile; fileRef = 93F31BEE2670130C0056DCA1 /* Fan.png */; };
/* End PBXBuildFile section */

/* Begin PBXContainerItemProxy section */
		936D84E127B489AB002E9645 /* PBXContainerItemProxy */ = {
			isa = PBXContainerItemProxy;
			containerPortal = 930CFF202581878B00E8E979 /* Project object */;
			proxyType = 1;
			remoteGlobalIDString = 930CFF2B2581878C00E8E979;
			remoteInfo = "Fan with SwiftUI (iOS)";
		};
/* End PBXContainerItemProxy section */

/* Begin PBXFileReference section */
		930CFF252581878B00E8E979 /* Airspace Fan.swift */ = {isa = PBXFileReference; lastKnownFileType = sourcecode.swift; path = "Airspace Fan.swift"; sourceTree = "<group>"; };
		930CFF262581878B00E8E979 /* ContentView.swift */ = {isa = PBXFileReference; lastKnownFileType = sourcecode.swift; path = ContentView.swift; sourceTree = "<group>"; };
		930CFF272581878C00E8E979 /* Assets.xcassets */ = {isa = PBXFileReference; lastKnownFileType = folder.assetcatalog; path = Assets.xcassets; sourceTree = "<group>"; };
		930CFF2C2581878C00E8E979 /* Fan with SwiftUI.app */ = {isa = PBXFileReference; explicitFileType = wrapper.application; includeInIndex = 0; path = "Fan with SwiftUI.app"; sourceTree = BUILT_PRODUCTS_DIR; };
		930CFF2F2581878C00E8E979 /* Info.plist */ = {isa = PBXFileReference; lastKnownFileType = text.plist.xml; path = Info.plist; sourceTree = "<group>"; };
		930CFF66258187EE00E8E979 /* Network resources.swift */ = {isa = PBXFileReference; lastKnownFileType = sourcecode.swift; path = "Network resources.swift"; sourceTree = "<group>"; };
		930CFF722581881000E8E979 /* Fan Model.swift */ = {isa = PBXFileReference; lastKnownFileType = sourcecode.swift; path = "Fan Model.swift"; sourceTree = "<group>"; };
		930CFF8C2581884000E8E979 /* House Model.swift */ = {isa = PBXFileReference; lastKnownFileType = sourcecode.swift; path = "House Model.swift"; sourceTree = "<group>"; };
		930CFF932581884B00E8E979 /* House View Model.swift */ = {isa = PBXFileReference; lastKnownFileType = sourcecode.swift; path = "House View Model.swift"; sourceTree = "<group>"; };
		930CFFC4258188F400E8E979 /* Fan View.swift */ = {isa = PBXFileReference; lastKnownFileType = sourcecode.swift; path = "Fan View.swift"; sourceTree = "<group>"; };
		930CFFCB258188FF00E8E979 /* House View.swift */ = {isa = PBXFileReference; lastKnownFileType = sourcecode.swift; path = "House View.swift"; sourceTree = "<group>"; };
		930CFFD22581890700E8E979 /* Settings View.swift */ = {isa = PBXFileReference; lastKnownFileType = sourcecode.swift; path = "Settings View.swift"; sourceTree = "<group>"; };
		9318BB3627B48DBC00B95ED5 /* Info.plist */ = {isa = PBXFileReference; fileEncoding = 4; lastKnownFileType = text.plist.xml; path = Info.plist; sourceTree = "<group>"; };
		9339093E275AC008007D528D /* RangeSlider.swift */ = {isa = PBXFileReference; lastKnownFileType = sourcecode.swift; path = RangeSlider.swift; sourceTree = "<group>"; };
		933A987D25AAA9240084C535 /* Weather Model.swift */ = {isa = PBXFileReference; lastKnownFileType = sourcecode.swift; path = "Weather Model.swift"; sourceTree = "<group>"; };
		933A988325AAE47B0084C535 /* Server.plist */ = {isa = PBXFileReference; lastKnownFileType = text.plist.xml; path = Server.plist; sourceTree = "<group>"; };
		934C8AB925AB92380037906C /* Location Model.swift */ = {isa = PBXFileReference; lastKnownFileType = sourcecode.swift; path = "Location Model.swift"; sourceTree = "<group>"; };
		934C8AC825AB926F0037906C /* Alarm Model.swift */ = {isa = PBXFileReference; lastKnownFileType = sourcecode.swift; path = "Alarm Model.swift"; sourceTree = "<group>"; };
		934C8ACF25AB92AB0037906C /* Storage Model.swift */ = {isa = PBXFileReference; lastKnownFileType = sourcecode.swift; path = "Storage Model.swift"; sourceTree = "<group>"; };
		936D84DD27B489AA002E9645 /* Fan with SwiftUITests.xctest */ = {isa = PBXFileReference; explicitFileType = wrapper.cfbundle; includeInIndex = 0; path = "Fan with SwiftUITests.xctest"; sourceTree = BUILT_PRODUCTS_DIR; };
		936D84DF27B489AB002E9645 /* Fan_with_SwiftUITests.swift */ = {isa = PBXFileReference; lastKnownFileType = sourcecode.swift; path = Fan_with_SwiftUITests.swift; sourceTree = "<group>"; };
		936F79D7259FADD500AACA53 /* Timer Sheet.swift */ = {isa = PBXFileReference; lastKnownFileType = sourcecode.swift; path = "Timer Sheet.swift"; sourceTree = "<group>"; };
		936F79E1259FADFC00AACA53 /* Detail Sheet.swift */ = {isa = PBXFileReference; lastKnownFileType = sourcecode.swift; path = "Detail Sheet.swift"; sourceTree = "<group>"; };
		936F79E7259FAE0F00AACA53 /* Name Sheet.swift */ = {isa = PBXFileReference; lastKnownFileType = sourcecode.swift; path = "Name Sheet.swift"; sourceTree = "<group>"; };
		937F7C4F25952138009E4754 /* Custom Operators.swift */ = {isa = PBXFileReference; lastKnownFileType = sourcecode.swift; path = "Custom Operators.swift"; sourceTree = "<group>"; };
		937F7C5625952358009E4754 /* Custom Errors.swift */ = {isa = PBXFileReference; lastKnownFileType = sourcecode.swift; path = "Custom Errors.swift"; sourceTree = "<group>"; };
		937F7C612595239B009E4754 /* Custom UI.swift */ = {isa = PBXFileReference; lastKnownFileType = sourcecode.swift; path = "Custom UI.swift"; sourceTree = "<group>"; };
		937F7C7025952556009E4754 /* Test Objects.swift */ = {isa = PBXFileReference; lastKnownFileType = sourcecode.swift; path = "Test Objects.swift"; sourceTree = "<group>"; };
		9380A2B127359DBA0000F465 /* No Fan View.swift */ = {isa = PBXFileReference; lastKnownFileType = sourcecode.swift; path = "No Fan View.swift"; sourceTree = "<group>"; };
		93929998280A25590043017D /* Logging.swift */ = {isa = PBXFileReference; lastKnownFileType = sourcecode.swift; path = Logging.swift; sourceTree = "<group>"; };
		9392999A280B84CD0043017D /* Settings View Model.swift */ = {isa = PBXFileReference; lastKnownFileType = sourcecode.swift; path = "Settings View Model.swift"; sourceTree = "<group>"; };
		93CF0A082731E43E00307298 /* Fatal Fault Sheet.swift */ = {isa = PBXFileReference; lastKnownFileType = sourcecode.swift; path = "Fatal Fault Sheet.swift"; sourceTree = "<group>"; };
		93CF9547258984A1004BBD49 /* Fan View Model.swift */ = {isa = PBXFileReference; fileEncoding = 4; lastKnownFileType = sourcecode.swift; path = "Fan View Model.swift"; sourceTree = "<group>"; };
		93D1EEB0273EF88600D7DF77 /* Pulldown Refresh.swift */ = {isa = PBXFileReference; lastKnownFileType = sourcecode.swift; path = "Pulldown Refresh.swift"; sourceTree = "<group>"; };
		93D1EEB327418A0900D7DF77 /* Segmented Indicator Picker.swift */ = {isa = PBXFileReference; lastKnownFileType = sourcecode.swift; path = "Segmented Indicator Picker.swift"; sourceTree = "<group>"; };
		93EFF7DC27557635000E3308 /* Inertial Rotator.swift */ = {isa = PBXFileReference; lastKnownFileType = sourcecode.swift; path = "Inertial Rotator.swift"; sourceTree = "<group>"; };
		93F31BD3267002370056DCA1 /* Launch Screen.storyboard */ = {isa = PBXFileReference; lastKnownFileType = file.storyboard; path = "Launch Screen.storyboard"; sourceTree = "<group>"; };
		93F31BEE2670130C0056DCA1 /* Fan.png */ = {isa = PBXFileReference; lastKnownFileType = image.png; name = Fan.png; path = Assets.xcassets/Fan.png; sourceTree = "<group>"; };
/* End PBXFileReference section */

/* Begin PBXFrameworksBuildPhase section */
		930CFF292581878C00E8E979 /* Frameworks */ = {
			isa = PBXFrameworksBuildPhase;
			buildActionMask = 2147483647;
			files = (
			);
			runOnlyForDeploymentPostprocessing = 0;
		};
		936D84DA27B489AA002E9645 /* Frameworks */ = {
			isa = PBXFrameworksBuildPhase;
			buildActionMask = 2147483647;
			files = (
			);
			runOnlyForDeploymentPostprocessing = 0;
		};
/* End PBXFrameworksBuildPhase section */

/* Begin PBXGroup section */
		930CFF1F2581878B00E8E979 = {
			isa = PBXGroup;
			children = (
				930CFF242581878B00E8E979 /* Shared */,
				936D84DE27B489AB002E9645 /* Fan with SwiftUITests */,
				930CFF2D2581878C00E8E979 /* Products */,
			);
			sourceTree = "<group>";
		};
		930CFF242581878B00E8E979 /* Shared */ = {
			isa = PBXGroup;
			children = (
				93F31BEE2670130C0056DCA1 /* Fan.png */,
				93D1EEB0273EF88600D7DF77 /* Pulldown Refresh.swift */,
				93D1EEB327418A0900D7DF77 /* Segmented Indicator Picker.swift */,
				930CFF252581878B00E8E979 /* Airspace Fan.swift */,
				930CFF262581878B00E8E979 /* ContentView.swift */,
				937F7C5625952358009E4754 /* Custom Errors.swift */,
				937F7C4F25952138009E4754 /* Custom Operators.swift */,
				937F7C612595239B009E4754 /* Custom UI.swift */,
				9339093E275AC008007D528D /* RangeSlider.swift */,
				93EFF7DC27557635000E3308 /* Inertial Rotator.swift */,
				937F7C7025952556009E4754 /* Test Objects.swift */,
				930CFF272581878C00E8E979 /* Assets.xcassets */,
				93F31BD3267002370056DCA1 /* Launch Screen.storyboard */,
				930CFF66258187EE00E8E979 /* Network resources.swift */,
				930CFF2F2581878C00E8E979 /* Info.plist */,
				933A988325AAE47B0084C535 /* Server.plist */,
				930CFF872581882E00E8E979 /* Fan */,
				930CFFA12581885A00E8E979 /* House */,
				93C94E4E259E871F005A3D43 /* Sheets */,
				938E65E227A5C1B50011B0B9 /* Weather */,
				933A987C25AAA9060084C535 /* Support */,
				930CFFBB258188A300E8E979 /* Settings */,
			);
			path = Shared;
			sourceTree = "<group>";
		};
		930CFF2D2581878C00E8E979 /* Products */ = {
			isa = PBXGroup;
			children = (
				930CFF2C2581878C00E8E979 /* Fan with SwiftUI.app */,
				936D84DD27B489AA002E9645 /* Fan with SwiftUITests.xctest */,
			);
			name = Products;
			sourceTree = "<group>";
		};
		930CFF872581882E00E8E979 /* Fan */ = {
			isa = PBXGroup;
			children = (
				930CFF722581881000E8E979 /* Fan Model.swift */,
				93CF9547258984A1004BBD49 /* Fan View Model.swift */,
				930CFFC4258188F400E8E979 /* Fan View.swift */,
				9380A2B127359DBA0000F465 /* No Fan View.swift */,
			);
			path = Fan;
			sourceTree = "<group>";
		};
		930CFFA12581885A00E8E979 /* House */ = {
			isa = PBXGroup;
			children = (
				930CFF8C2581884000E8E979 /* House Model.swift */,
				930CFF932581884B00E8E979 /* House View Model.swift */,
				930CFFCB258188FF00E8E979 /* House View.swift */,
			);
			path = House;
			sourceTree = "<group>";
		};
		930CFFBB258188A300E8E979 /* Settings */ = {
			isa = PBXGroup;
			children = (
				930CFFD22581890700E8E979 /* Settings View.swift */,
				9392999A280B84CD0043017D /* Settings View Model.swift */,
			);
			path = Settings;
			sourceTree = "<group>";
		};
		933A987C25AAA9060084C535 /* Support */ = {
			isa = PBXGroup;
			children = (
				934C8AB925AB92380037906C /* Location Model.swift */,
				934C8AC825AB926F0037906C /* Alarm Model.swift */,
				934C8ACF25AB92AB0037906C /* Storage Model.swift */,
				93929998280A25590043017D /* Logging.swift */,
			);
			path = Support;
			sourceTree = "<group>";
		};
		936D84DE27B489AB002E9645 /* Fan with SwiftUITests */ = {
			isa = PBXGroup;
			children = (
				9318BB3627B48DBC00B95ED5 /* Info.plist */,
				936D84DF27B489AB002E9645 /* Fan_with_SwiftUITests.swift */,
			);
			path = "Fan with SwiftUITests";
			sourceTree = "<group>";
		};
		938E65E227A5C1B50011B0B9 /* Weather */ = {
			isa = PBXGroup;
			children = (
				933A987D25AAA9240084C535 /* Weather Model.swift */,
			);
			path = Weather;
			sourceTree = "<group>";
		};
		93C94E4E259E871F005A3D43 /* Sheets */ = {
			isa = PBXGroup;
			children = (
				936F79D7259FADD500AACA53 /* Timer Sheet.swift */,
				936F79E1259FADFC00AACA53 /* Detail Sheet.swift */,
				936F79E7259FAE0F00AACA53 /* Name Sheet.swift */,
				93CF0A082731E43E00307298 /* Fatal Fault Sheet.swift */,
			);
			path = Sheets;
			sourceTree = "<group>";
		};
/* End PBXGroup section */

/* Begin PBXNativeTarget section */
		930CFF2B2581878C00E8E979 /* Fan with SwiftUI (iOS) */ = {
			isa = PBXNativeTarget;
			buildConfigurationList = 930CFF562581878D00E8E979 /* Build configuration list for PBXNativeTarget "Fan with SwiftUI (iOS)" */;
			buildPhases = (
				930CFF282581878C00E8E979 /* Sources */,
				930CFF292581878C00E8E979 /* Frameworks */,
				930CFF2A2581878C00E8E979 /* Resources */,
			);
			buildRules = (
			);
			dependencies = (
			);
			name = "Fan with SwiftUI (iOS)";
			productName = "whf001 (iOS)";
			productReference = 930CFF2C2581878C00E8E979 /* Fan with SwiftUI.app */;
			productType = "com.apple.product-type.application";
		};
		936D84DC27B489AA002E9645 /* Fan with SwiftUITests */ = {
			isa = PBXNativeTarget;
			buildConfigurationList = 936D84E327B489AB002E9645 /* Build configuration list for PBXNativeTarget "Fan with SwiftUITests" */;
			buildPhases = (
				936D84D927B489AA002E9645 /* Sources */,
				936D84DA27B489AA002E9645 /* Frameworks */,
				936D84DB27B489AA002E9645 /* Resources */,
			);
			buildRules = (
			);
			dependencies = (
				936D84E227B489AB002E9645 /* PBXTargetDependency */,
			);
			name = "Fan with SwiftUITests";
			productName = "Fan with SwiftUITests";
			productReference = 936D84DD27B489AA002E9645 /* Fan with SwiftUITests.xctest */;
			productType = "com.apple.product-type.bundle.unit-test";
		};
/* End PBXNativeTarget section */

/* Begin PBXProject section */
		930CFF202581878B00E8E979 /* Project object */ = {
			isa = PBXProject;
			attributes = {
				BuildIndependentTargetsInParallel = YES;
				LastSwiftUpdateCheck = 1320;
				LastUpgradeCheck = 1340;
				TargetAttributes = {
					930CFF2B2581878C00E8E979 = {
						CreatedOnToolsVersion = 12.2;
					};
					936D84DC27B489AA002E9645 = {
						CreatedOnToolsVersion = 13.2.1;
						TestTargetID = 930CFF2B2581878C00E8E979;
					};
				};
			};
			buildConfigurationList = 930CFF232581878B00E8E979 /* Build configuration list for PBXProject "Fan with SwiftUI" */;
			compatibilityVersion = "Xcode 13.0";
			developmentRegion = en;
			hasScannedForEncodings = 0;
			knownRegions = (
				en,
				Base,
			);
			mainGroup = 930CFF1F2581878B00E8E979;
			productRefGroup = 930CFF2D2581878C00E8E979 /* Products */;
			projectDirPath = "";
			projectRoot = "";
			targets = (
				930CFF2B2581878C00E8E979 /* Fan with SwiftUI (iOS) */,
				936D84DC27B489AA002E9645 /* Fan with SwiftUITests */,
			);
		};
/* End PBXProject section */

/* Begin PBXResourcesBuildPhase section */
		930CFF2A2581878C00E8E979 /* Resources */ = {
			isa = PBXResourcesBuildPhase;
			buildActionMask = 2147483647;
			files = (
				93F31BD4267002370056DCA1 /* Launch Screen.storyboard in Resources */,
				930CFF522581878D00E8E979 /* Assets.xcassets in Resources */,
				933A988425AAE47B0084C535 /* Server.plist in Resources */,
				93F31BEF2670130C0056DCA1 /* Fan.png in Resources */,
			);
			runOnlyForDeploymentPostprocessing = 0;
		};
		936D84DB27B489AA002E9645 /* Resources */ = {
			isa = PBXResourcesBuildPhase;
			buildActionMask = 2147483647;
			files = (
			);
			runOnlyForDeploymentPostprocessing = 0;
		};
/* End PBXResourcesBuildPhase section */

/* Begin PBXSourcesBuildPhase section */
		930CFF282581878C00E8E979 /* Sources */ = {
			isa = PBXSourcesBuildPhase;
			buildActionMask = 2147483647;
			files = (
				93D1EEB427418A0A00D7DF77 /* Segmented Indicator Picker.swift in Sources */,
				934C8AC925AB926F0037906C /* Alarm Model.swift in Sources */,
				930CFFC5258188F400E8E979 /* Fan View.swift in Sources */,
				9392999B280B84CE0043017D /* Settings View Model.swift in Sources */,
				93929999280A25590043017D /* Logging.swift in Sources */,
				93D1EEB1273EF88600D7DF77 /* Pulldown Refresh.swift in Sources */,
				9339093F275AC008007D528D /* RangeSlider.swift in Sources */,
				930CFF942581884B00E8E979 /* House View Model.swift in Sources */,
				936F79E2259FADFC00AACA53 /* Detail Sheet.swift in Sources */,
				93CF0A092731E44100307298 /* Fatal Fault Sheet.swift in Sources */,
				937F7C622595239B009E4754 /* Custom UI.swift in Sources */,
				937F7C7125952556009E4754 /* Test Objects.swift in Sources */,
				930CFF8D2581884000E8E979 /* House Model.swift in Sources */,
				930CFFCC258188FF00E8E979 /* House View.swift in Sources */,
				937F7C5725952358009E4754 /* Custom Errors.swift in Sources */,
				930CFF732581881000E8E979 /* Fan Model.swift in Sources */,
				934C8AD025AB92AB0037906C /* Storage Model.swift in Sources */,
				930CFF502581878D00E8E979 /* ContentView.swift in Sources */,
				937F7C5025952138009E4754 /* Custom Operators.swift in Sources */,
				93EFF7DD27557635000E3308 /* Inertial Rotator.swift in Sources */,
				930CFF4E2581878D00E8E979 /* Airspace Fan.swift in Sources */,
				936F79D8259FADD500AACA53 /* Timer Sheet.swift in Sources */,
				9380A2B227359DBA0000F465 /* No Fan View.swift in Sources */,
				933A987E25AAA9240084C535 /* Weather Model.swift in Sources */,
				934C8ABA25AB92380037906C /* Location Model.swift in Sources */,
				93CF9548258984A1004BBD49 /* Fan View Model.swift in Sources */,
				936F79E8259FAE0F00AACA53 /* Name Sheet.swift in Sources */,
				930CFFD32581890700E8E979 /* Settings View.swift in Sources */,
				930CFF67258187EE00E8E979 /* Network resources.swift in Sources */,
			);
			runOnlyForDeploymentPostprocessing = 0;
		};
		936D84D927B489AA002E9645 /* Sources */ = {
			isa = PBXSourcesBuildPhase;
			buildActionMask = 2147483647;
			files = (
				936D84E027B489AB002E9645 /* Fan_with_SwiftUITests.swift in Sources */,
			);
			runOnlyForDeploymentPostprocessing = 0;
		};
/* End PBXSourcesBuildPhase section */

/* Begin PBXTargetDependency section */
		936D84E227B489AB002E9645 /* PBXTargetDependency */ = {
			isa = PBXTargetDependency;
			target = 930CFF2B2581878C00E8E979 /* Fan with SwiftUI (iOS) */;
			targetProxy = 936D84E127B489AB002E9645 /* PBXContainerItemProxy */;
		};
/* End PBXTargetDependency section */

/* Begin XCBuildConfiguration section */
		930CFF542581878D00E8E979 /* Debug */ = {
			isa = XCBuildConfiguration;
			buildSettings = {
				ALWAYS_SEARCH_USER_PATHS = NO;
				CLANG_ANALYZER_NONNULL = YES;
				CLANG_ANALYZER_NUMBER_OBJECT_CONVERSION = YES_AGGRESSIVE;
				CLANG_CXX_LANGUAGE_STANDARD = "gnu++17";
				CLANG_ENABLE_MODULES = YES;
				CLANG_ENABLE_OBJC_ARC = YES;
				CLANG_ENABLE_OBJC_WEAK = YES;
				CLANG_WARN_BLOCK_CAPTURE_AUTORELEASING = YES;
				CLANG_WARN_BOOL_CONVERSION = YES;
				CLANG_WARN_COMMA = YES;
				CLANG_WARN_CONSTANT_CONVERSION = YES;
				CLANG_WARN_DEPRECATED_OBJC_IMPLEMENTATIONS = YES;
				CLANG_WARN_DIRECT_OBJC_ISA_USAGE = YES_ERROR;
				CLANG_WARN_DOCUMENTATION_COMMENTS = YES;
				CLANG_WARN_EMPTY_BODY = YES;
				CLANG_WARN_ENUM_CONVERSION = YES;
				CLANG_WARN_INFINITE_RECURSION = YES;
				CLANG_WARN_INT_CONVERSION = YES;
				CLANG_WARN_NON_LITERAL_NULL_CONVERSION = YES;
				CLANG_WARN_OBJC_IMPLICIT_RETAIN_SELF = YES;
				CLANG_WARN_OBJC_LITERAL_CONVERSION = YES;
				CLANG_WARN_OBJC_ROOT_CLASS = YES_ERROR;
				CLANG_WARN_QUOTED_INCLUDE_IN_FRAMEWORK_HEADER = YES;
				CLANG_WARN_RANGE_LOOP_ANALYSIS = YES;
				CLANG_WARN_STRICT_PROTOTYPES = YES;
				CLANG_WARN_SUSPICIOUS_MOVE = YES;
				CLANG_WARN_UNGUARDED_AVAILABILITY = YES_AGGRESSIVE;
				CLANG_WARN_UNREACHABLE_CODE = YES;
				CLANG_WARN__DUPLICATE_METHOD_MATCH = YES;
				COPY_PHASE_STRIP = NO;
				ENABLE_STRICT_OBJC_MSGSEND = YES;
				ENABLE_TESTABILITY = YES;
				GCC_C_LANGUAGE_STANDARD = gnu11;
				GCC_DYNAMIC_NO_PIC = NO;
				GCC_NO_COMMON_BLOCKS = YES;
				GCC_OPTIMIZATION_LEVEL = 0;
				GCC_PREPROCESSOR_DEFINITIONS = (
					"DEBUG=1",
					"$(inherited)",
				);
				GCC_WARN_64_TO_32_BIT_CONVERSION = YES;
				GCC_WARN_ABOUT_RETURN_TYPE = YES_ERROR;
				GCC_WARN_UNDECLARED_SELECTOR = YES;
				GCC_WARN_UNINITIALIZED_AUTOS = YES_AGGRESSIVE;
				GCC_WARN_UNUSED_FUNCTION = YES;
				GCC_WARN_UNUSED_VARIABLE = YES;
				IPHONEOS_DEPLOYMENT_TARGET = 15.4;
				MTL_ENABLE_DEBUG_INFO = INCLUDE_SOURCE;
				MTL_FAST_MATH = YES;
				ONLY_ACTIVE_ARCH = YES;
				SDKROOT = iphoneos;
				SWIFT_ACTIVE_COMPILATION_CONDITIONS = DEBUG;
				SWIFT_OPTIMIZATION_LEVEL = "-Onone";
				SWIFT_VERSION = 5.0;
			};
			name = Debug;
		};
		930CFF552581878D00E8E979 /* Release */ = {
			isa = XCBuildConfiguration;
			buildSettings = {
				ALWAYS_SEARCH_USER_PATHS = NO;
				CLANG_ANALYZER_NONNULL = YES;
				CLANG_ANALYZER_NUMBER_OBJECT_CONVERSION = YES_AGGRESSIVE;
				CLANG_CXX_LANGUAGE_STANDARD = "gnu++17";
				CLANG_ENABLE_MODULES = YES;
				CLANG_ENABLE_OBJC_ARC = YES;
				CLANG_ENABLE_OBJC_WEAK = YES;
				CLANG_WARN_BLOCK_CAPTURE_AUTORELEASING = YES;
				CLANG_WARN_BOOL_CONVERSION = YES;
				CLANG_WARN_COMMA = YES;
				CLANG_WARN_CONSTANT_CONVERSION = YES;
				CLANG_WARN_DEPRECATED_OBJC_IMPLEMENTATIONS = YES;
				CLANG_WARN_DIRECT_OBJC_ISA_USAGE = YES_ERROR;
				CLANG_WARN_DOCUMENTATION_COMMENTS = YES;
				CLANG_WARN_EMPTY_BODY = YES;
				CLANG_WARN_ENUM_CONVERSION = YES;
				CLANG_WARN_INFINITE_RECURSION = YES;
				CLANG_WARN_INT_CONVERSION = YES;
				CLANG_WARN_NON_LITERAL_NULL_CONVERSION = YES;
				CLANG_WARN_OBJC_IMPLICIT_RETAIN_SELF = YES;
				CLANG_WARN_OBJC_LITERAL_CONVERSION = YES;
				CLANG_WARN_OBJC_ROOT_CLASS = YES_ERROR;
				CLANG_WARN_QUOTED_INCLUDE_IN_FRAMEWORK_HEADER = YES;
				CLANG_WARN_RANGE_LOOP_ANALYSIS = YES;
				CLANG_WARN_STRICT_PROTOTYPES = YES;
				CLANG_WARN_SUSPICIOUS_MOVE = YES;
				CLANG_WARN_UNGUARDED_AVAILABILITY = YES_AGGRESSIVE;
				CLANG_WARN_UNREACHABLE_CODE = YES;
				CLANG_WARN__DUPLICATE_METHOD_MATCH = YES;
				COPY_PHASE_STRIP = NO;
				ENABLE_NS_ASSERTIONS = NO;
				ENABLE_STRICT_OBJC_MSGSEND = YES;
				GCC_C_LANGUAGE_STANDARD = gnu11;
				GCC_NO_COMMON_BLOCKS = YES;
				GCC_OPTIMIZATION_LEVEL = 0;
				GCC_WARN_64_TO_32_BIT_CONVERSION = YES;
				GCC_WARN_ABOUT_RETURN_TYPE = YES_ERROR;
				GCC_WARN_UNDECLARED_SELECTOR = YES;
				GCC_WARN_UNINITIALIZED_AUTOS = YES_AGGRESSIVE;
				GCC_WARN_UNUSED_FUNCTION = YES;
				GCC_WARN_UNUSED_VARIABLE = YES;
				IPHONEOS_DEPLOYMENT_TARGET = 15.4;
				MTL_ENABLE_DEBUG_INFO = NO;
				MTL_FAST_MATH = YES;
				SDKROOT = iphoneos;
				SWIFT_COMPILATION_MODE = wholemodule;
				SWIFT_OPTIMIZATION_LEVEL = "-O";
				SWIFT_VERSION = 5.0;
				VALIDATE_PRODUCT = YES;
			};
			name = Release;
		};
		930CFF572581878D00E8E979 /* Debug */ = {
			isa = XCBuildConfiguration;
			buildSettings = {
				ASSETCATALOG_COMPILER_APPICON_NAME = AppIcon;
				ASSETCATALOG_COMPILER_GLOBAL_ACCENT_COLOR_NAME = AccentColor;
				CODE_SIGN_STYLE = Automatic;
				CURRENT_PROJECT_VERSION = 6;
				DEVELOPMENT_TEAM = U5FYS9QYU3;
				ENABLE_PREVIEWS = YES;
				GENERATE_INFOPLIST_FILE = NO;
				"INFOPLIST_FILE[sdk=*]" = Shared/Info.plist;
				INFOPLIST_KEY_UIApplicationSceneManifest_Generation = YES;
				INFOPLIST_KEY_UIApplicationSupportsIndirectInputEvents = YES;
				INFOPLIST_KEY_UILaunchScreen_Generation = YES;
				INFOPLIST_KEY_UISupportedInterfaceOrientations_iPhone = "";
				IPHONEOS_DEPLOYMENT_TARGET = 15.0;
				LD_RUNPATH_SEARCH_PATHS = (
					"$(inherited)",
					"@executable_path/Frameworks",
				);
				MARKETING_VERSION = 2.3;
				PRODUCT_BUNDLE_IDENTIFIER = com.porchdog.whf001;
				PRODUCT_NAME = "Fan with SwiftUI";
				SDKROOT = iphoneos;
				SWIFT_EMIT_LOC_STRINGS = YES;
				SWIFT_VERSION = 5.0;
				TARGETED_DEVICE_FAMILY = "1,2";
				VERSIONING_SYSTEM = "apple-generic";
			};
			name = Debug;
		};
		930CFF582581878D00E8E979 /* Release */ = {
			isa = XCBuildConfiguration;
			buildSettings = {
				ASSETCATALOG_COMPILER_APPICON_NAME = AppIcon;
				ASSETCATALOG_COMPILER_GLOBAL_ACCENT_COLOR_NAME = AccentColor;
				CODE_SIGN_STYLE = Automatic;
				CURRENT_PROJECT_VERSION = 6;
				DEVELOPMENT_TEAM = U5FYS9QYU3;
				ENABLE_PREVIEWS = YES;
				GENERATE_INFOPLIST_FILE = NO;
				"INFOPLIST_FILE[sdk=*]" = Shared/Info.plist;
				INFOPLIST_KEY_UIApplicationSceneManifest_Generation = YES;
				INFOPLIST_KEY_UIApplicationSupportsIndirectInputEvents = YES;
				INFOPLIST_KEY_UILaunchScreen_Generation = YES;
				IPHONEOS_DEPLOYMENT_TARGET = 15.0;
				LD_RUNPATH_SEARCH_PATHS = (
					"$(inherited)",
					"@executable_path/Frameworks",
				);
				MARKETING_VERSION = 2.3;
				PRODUCT_BUNDLE_IDENTIFIER = com.porchdog.whf001;
				PRODUCT_NAME = "Fan with SwiftUI";
				SDKROOT = iphoneos;
				SWIFT_EMIT_LOC_STRINGS = YES;
				SWIFT_VERSION = 5.0;
				TARGETED_DEVICE_FAMILY = "1,2";
				VALIDATE_PRODUCT = YES;
				VERSIONING_SYSTEM = "apple-generic";
			};
			name = Release;
		};
		936D84E427B489AB002E9645 /* Debug */ = {
			isa = XCBuildConfiguration;
			buildSettings = {
				BUNDLE_LOADER = "$(TEST_HOST)";
				CLANG_CXX_LANGUAGE_STANDARD = "gnu++17";
				CODE_SIGN_INJECT_BASE_ENTITLEMENTS = NO;
				CODE_SIGN_STYLE = Automatic;
				CURRENT_PROJECT_VERSION = 1;
				DEVELOPMENT_TEAM = U5FYS9QYU3;
				GENERATE_INFOPLIST_FILE = YES;
				IPHONEOS_DEPLOYMENT_TARGET = 15.2;
				MARKETING_VERSION = 1.0;
				PRODUCT_BUNDLE_IDENTIFIER = "com.porchdog.Fan-with-SwiftUITests";
				PRODUCT_NAME = "$(TARGET_NAME)";
				SDKROOT = iphoneos;
				SWIFT_EMIT_LOC_STRINGS = NO;
				SWIFT_VERSION = 5.0;
				TARGETED_DEVICE_FAMILY = "1,2";
				TEST_HOST = "$(BUILT_PRODUCTS_DIR)/Fan with SwiftUI.app/Fan with SwiftUI";
			};
			name = Debug;
		};
		936D84E527B489AB002E9645 /* Release */ = {
			isa = XCBuildConfiguration;
			buildSettings = {
				BUNDLE_LOADER = "$(TEST_HOST)";
				CLANG_CXX_LANGUAGE_STANDARD = "gnu++17";
				CODE_SIGN_INJECT_BASE_ENTITLEMENTS = NO;
				CODE_SIGN_STYLE = Automatic;
				CURRENT_PROJECT_VERSION = 1;
				DEVELOPMENT_TEAM = U5FYS9QYU3;
				GENERATE_INFOPLIST_FILE = YES;
				IPHONEOS_DEPLOYMENT_TARGET = 15.2;
				MARKETING_VERSION = 1.0;
				PRODUCT_BUNDLE_IDENTIFIER = "com.porchdog.Fan-with-SwiftUITests";
				PRODUCT_NAME = "$(TARGET_NAME)";
				SDKROOT = iphoneos;
				SWIFT_COMPILATION_MODE = wholemodule;
				SWIFT_EMIT_LOC_STRINGS = NO;
				SWIFT_OPTIMIZATION_LEVEL = "-O";
				SWIFT_VERSION = 5.0;
				TARGETED_DEVICE_FAMILY = "1,2";
				TEST_HOST = "$(BUILT_PRODUCTS_DIR)/Fan with SwiftUI.app/Fan with SwiftUI";
				VALIDATE_PRODUCT = YES;
			};
			name = Release;
		};
/* End XCBuildConfiguration section */

/* Begin XCConfigurationList section */
		930CFF232581878B00E8E979 /* Build configuration list for PBXProject "Fan with SwiftUI" */ = {
			isa = XCConfigurationList;
			buildConfigurations = (
				930CFF542581878D00E8E979 /* Debug */,
				930CFF552581878D00E8E979 /* Release */,
			);
			defaultConfigurationIsVisible = 0;
			defaultConfigurationName = Release;
		};
		930CFF562581878D00E8E979 /* Build configuration list for PBXNativeTarget "Fan with SwiftUI (iOS)" */ = {
			isa = XCConfigurationList;
			buildConfigurations = (
				930CFF572581878D00E8E979 /* Debug */,
				930CFF582581878D00E8E979 /* Release */,
			);
			defaultConfigurationIsVisible = 0;
			defaultConfigurationName = Release;
		};
		936D84E327B489AB002E9645 /* Build configuration list for PBXNativeTarget "Fan with SwiftUITests" */ = {
			isa = XCConfigurationList;
			buildConfigurations = (
				936D84E427B489AB002E9645 /* Debug */,
				936D84E527B489AB002E9645 /* Release */,
			);
			defaultConfigurationIsVisible = 0;
			defaultConfigurationName = Release;
		};
/* End XCConfigurationList section */
	};
	rootObject = 930CFF202581878B00E8E979 /* Project object */;
}
