// !$*UTF8*$!
{
	archiveVersion = 1;
	classes = {
	};
	objectVersion = 50;
	objects = {

/* Begin PBXBuildFile section */
		930CFF412581878D00E8E979 /* Tests_iOS.swift in Sources */ = {isa = PBXBuildFile; fileRef = 930CFF402581878D00E8E979 /* Tests_iOS.swift */; };
		930CFF4C2581878D00E8E979 /* Tests_macOS.swift in Sources */ = {isa = PBXBuildFile; fileRef = 930CFF4B2581878D00E8E979 /* Tests_macOS.swift */; };
		930CFF4E2581878D00E8E979 /* Airspace Fan.swift in Sources */ = {isa = PBXBuildFile; fileRef = 930CFF252581878B00E8E979 /* Airspace Fan.swift */; };
		930CFF4F2581878D00E8E979 /* Airspace Fan.swift in Sources */ = {isa = PBXBuildFile; fileRef = 930CFF252581878B00E8E979 /* Airspace Fan.swift */; };
		930CFF502581878D00E8E979 /* ContentView.swift in Sources */ = {isa = PBXBuildFile; fileRef = 930CFF262581878B00E8E979 /* ContentView.swift */; };
		930CFF512581878D00E8E979 /* ContentView.swift in Sources */ = {isa = PBXBuildFile; fileRef = 930CFF262581878B00E8E979 /* ContentView.swift */; };
		930CFF522581878D00E8E979 /* Assets.xcassets in Resources */ = {isa = PBXBuildFile; fileRef = 930CFF272581878C00E8E979 /* Assets.xcassets */; };
		930CFF532581878D00E8E979 /* Assets.xcassets in Resources */ = {isa = PBXBuildFile; fileRef = 930CFF272581878C00E8E979 /* Assets.xcassets */; };
		930CFF67258187EE00E8E979 /* Network resources.swift in Sources */ = {isa = PBXBuildFile; fileRef = 930CFF66258187EE00E8E979 /* Network resources.swift */; };
		930CFF68258187EE00E8E979 /* Network resources.swift in Sources */ = {isa = PBXBuildFile; fileRef = 930CFF66258187EE00E8E979 /* Network resources.swift */; };
		930CFF732581881000E8E979 /* Fan Model.swift in Sources */ = {isa = PBXBuildFile; fileRef = 930CFF722581881000E8E979 /* Fan Model.swift */; };
		930CFF742581881000E8E979 /* Fan Model.swift in Sources */ = {isa = PBXBuildFile; fileRef = 930CFF722581881000E8E979 /* Fan Model.swift */; };
		930CFF8D2581884000E8E979 /* House Model.swift in Sources */ = {isa = PBXBuildFile; fileRef = 930CFF8C2581884000E8E979 /* House Model.swift */; };
		930CFF8E2581884000E8E979 /* House Model.swift in Sources */ = {isa = PBXBuildFile; fileRef = 930CFF8C2581884000E8E979 /* House Model.swift */; };
		930CFF942581884B00E8E979 /* House View Model.swift in Sources */ = {isa = PBXBuildFile; fileRef = 930CFF932581884B00E8E979 /* House View Model.swift */; };
		930CFF952581884B00E8E979 /* House View Model.swift in Sources */ = {isa = PBXBuildFile; fileRef = 930CFF932581884B00E8E979 /* House View Model.swift */; };
		930CFFC5258188F400E8E979 /* Fan View.swift in Sources */ = {isa = PBXBuildFile; fileRef = 930CFFC4258188F400E8E979 /* Fan View.swift */; };
		930CFFC6258188F400E8E979 /* Fan View.swift in Sources */ = {isa = PBXBuildFile; fileRef = 930CFFC4258188F400E8E979 /* Fan View.swift */; };
		930CFFCC258188FF00E8E979 /* House View.swift in Sources */ = {isa = PBXBuildFile; fileRef = 930CFFCB258188FF00E8E979 /* House View.swift */; };
		930CFFCD258188FF00E8E979 /* House View.swift in Sources */ = {isa = PBXBuildFile; fileRef = 930CFFCB258188FF00E8E979 /* House View.swift */; };
		930CFFD32581890700E8E979 /* Settings View.swift in Sources */ = {isa = PBXBuildFile; fileRef = 930CFFD22581890700E8E979 /* Settings View.swift */; };
		930CFFD42581890700E8E979 /* Settings View.swift in Sources */ = {isa = PBXBuildFile; fileRef = 930CFFD22581890700E8E979 /* Settings View.swift */; };
		933A987E25AAA9240084C535 /* Weather Model.swift in Sources */ = {isa = PBXBuildFile; fileRef = 933A987D25AAA9240084C535 /* Weather Model.swift */; };
		933A988425AAE47B0084C535 /* Server.plist in Resources */ = {isa = PBXBuildFile; fileRef = 933A988325AAE47B0084C535 /* Server.plist */; };
		934C8ABA25AB92380037906C /* Location Model.swift in Sources */ = {isa = PBXBuildFile; fileRef = 934C8AB925AB92380037906C /* Location Model.swift */; };
		934C8AC925AB926F0037906C /* Alarm Model.swift in Sources */ = {isa = PBXBuildFile; fileRef = 934C8AC825AB926F0037906C /* Alarm Model.swift */; };
		934C8ACA25AB926F0037906C /* Alarm Model.swift in Sources */ = {isa = PBXBuildFile; fileRef = 934C8AC825AB926F0037906C /* Alarm Model.swift */; };
		934C8AD025AB92AB0037906C /* Storage Model.swift in Sources */ = {isa = PBXBuildFile; fileRef = 934C8ACF25AB92AB0037906C /* Storage Model.swift */; };
		934C8AD125AB92AB0037906C /* Storage Model.swift in Sources */ = {isa = PBXBuildFile; fileRef = 934C8ACF25AB92AB0037906C /* Storage Model.swift */; };
		936F79D8259FADD500AACA53 /* Timer Sheet.swift in Sources */ = {isa = PBXBuildFile; fileRef = 936F79D7259FADD500AACA53 /* Timer Sheet.swift */; };
		936F79E2259FADFC00AACA53 /* Detail Sheet.swift in Sources */ = {isa = PBXBuildFile; fileRef = 936F79E1259FADFC00AACA53 /* Detail Sheet.swift */; };
		936F79E8259FAE0F00AACA53 /* Name Sheet.swift in Sources */ = {isa = PBXBuildFile; fileRef = 936F79E7259FAE0F00AACA53 /* Name Sheet.swift */; };
		936F79EE259FB59900AACA53 /* Sheet Protocol.swift in Sources */ = {isa = PBXBuildFile; fileRef = 936F79ED259FB59900AACA53 /* Sheet Protocol.swift */; };
		937F7C5025952138009E4754 /* Custom Operators.swift in Sources */ = {isa = PBXBuildFile; fileRef = 937F7C4F25952138009E4754 /* Custom Operators.swift */; };
		937F7C5125952138009E4754 /* Custom Operators.swift in Sources */ = {isa = PBXBuildFile; fileRef = 937F7C4F25952138009E4754 /* Custom Operators.swift */; };
		937F7C5725952358009E4754 /* Custom Errors.swift in Sources */ = {isa = PBXBuildFile; fileRef = 937F7C5625952358009E4754 /* Custom Errors.swift */; };
		937F7C5825952358009E4754 /* Custom Errors.swift in Sources */ = {isa = PBXBuildFile; fileRef = 937F7C5625952358009E4754 /* Custom Errors.swift */; };
		937F7C622595239B009E4754 /* Custom UI.swift in Sources */ = {isa = PBXBuildFile; fileRef = 937F7C612595239B009E4754 /* Custom UI.swift */; };
		937F7C632595239B009E4754 /* Custom UI.swift in Sources */ = {isa = PBXBuildFile; fileRef = 937F7C612595239B009E4754 /* Custom UI.swift */; };
		937F7C7125952556009E4754 /* Test Objects.swift in Sources */ = {isa = PBXBuildFile; fileRef = 937F7C7025952556009E4754 /* Test Objects.swift */; };
		937F7C7225952556009E4754 /* Test Objects.swift in Sources */ = {isa = PBXBuildFile; fileRef = 937F7C7025952556009E4754 /* Test Objects.swift */; };
		93CF9548258984A1004BBD49 /* Fan View Model.swift in Sources */ = {isa = PBXBuildFile; fileRef = 93CF9547258984A1004BBD49 /* Fan View Model.swift */; };
		93CF9549258984A1004BBD49 /* Fan View Model.swift in Sources */ = {isa = PBXBuildFile; fileRef = 93CF9547258984A1004BBD49 /* Fan View Model.swift */; };
/* End PBXBuildFile section */

/* Begin PBXContainerItemProxy section */
		930CFF3D2581878D00E8E979 /* PBXContainerItemProxy */ = {
			isa = PBXContainerItemProxy;
			containerPortal = 930CFF202581878B00E8E979 /* Project object */;
			proxyType = 1;
			remoteGlobalIDString = 930CFF2B2581878C00E8E979;
			remoteInfo = "whf001 (iOS)";
		};
		930CFF482581878D00E8E979 /* PBXContainerItemProxy */ = {
			isa = PBXContainerItemProxy;
			containerPortal = 930CFF202581878B00E8E979 /* Project object */;
			proxyType = 1;
			remoteGlobalIDString = 930CFF332581878C00E8E979;
			remoteInfo = "whf001 (macOS)";
		};
/* End PBXContainerItemProxy section */

/* Begin PBXFileReference section */
		930CFF252581878B00E8E979 /* Airspace Fan.swift */ = {isa = PBXFileReference; lastKnownFileType = sourcecode.swift; path = "Airspace Fan.swift"; sourceTree = "<group>"; };
		930CFF262581878B00E8E979 /* ContentView.swift */ = {isa = PBXFileReference; lastKnownFileType = sourcecode.swift; path = ContentView.swift; sourceTree = "<group>"; };
		930CFF272581878C00E8E979 /* Assets.xcassets */ = {isa = PBXFileReference; lastKnownFileType = folder.assetcatalog; path = Assets.xcassets; sourceTree = "<group>"; };
		930CFF2C2581878C00E8E979 /* Fan with SwiftUI.app */ = {isa = PBXFileReference; explicitFileType = wrapper.application; includeInIndex = 0; path = "Fan with SwiftUI.app"; sourceTree = BUILT_PRODUCTS_DIR; };
		930CFF2F2581878C00E8E979 /* Info.plist */ = {isa = PBXFileReference; lastKnownFileType = text.plist.xml; path = Info.plist; sourceTree = "<group>"; };
		930CFF342581878C00E8E979 /* Fan with SwiftUI.app */ = {isa = PBXFileReference; explicitFileType = wrapper.application; includeInIndex = 0; path = "Fan with SwiftUI.app"; sourceTree = BUILT_PRODUCTS_DIR; };
		930CFF362581878D00E8E979 /* Info.plist */ = {isa = PBXFileReference; lastKnownFileType = text.plist.xml; path = Info.plist; sourceTree = "<group>"; };
		930CFF372581878D00E8E979 /* macOS.entitlements */ = {isa = PBXFileReference; lastKnownFileType = text.plist.entitlements; path = macOS.entitlements; sourceTree = "<group>"; };
		930CFF3C2581878D00E8E979 /* Tests iOS.xctest */ = {isa = PBXFileReference; explicitFileType = wrapper.cfbundle; includeInIndex = 0; path = "Tests iOS.xctest"; sourceTree = BUILT_PRODUCTS_DIR; };
		930CFF402581878D00E8E979 /* Tests_iOS.swift */ = {isa = PBXFileReference; lastKnownFileType = sourcecode.swift; path = Tests_iOS.swift; sourceTree = "<group>"; };
		930CFF422581878D00E8E979 /* Info.plist */ = {isa = PBXFileReference; lastKnownFileType = text.plist.xml; path = Info.plist; sourceTree = "<group>"; };
		930CFF472581878D00E8E979 /* Tests macOS.xctest */ = {isa = PBXFileReference; explicitFileType = wrapper.cfbundle; includeInIndex = 0; path = "Tests macOS.xctest"; sourceTree = BUILT_PRODUCTS_DIR; };
		930CFF4B2581878D00E8E979 /* Tests_macOS.swift */ = {isa = PBXFileReference; lastKnownFileType = sourcecode.swift; path = Tests_macOS.swift; sourceTree = "<group>"; };
		930CFF4D2581878D00E8E979 /* Info.plist */ = {isa = PBXFileReference; lastKnownFileType = text.plist.xml; path = Info.plist; sourceTree = "<group>"; };
		930CFF66258187EE00E8E979 /* Network resources.swift */ = {isa = PBXFileReference; lastKnownFileType = sourcecode.swift; path = "Network resources.swift"; sourceTree = "<group>"; };
		930CFF722581881000E8E979 /* Fan Model.swift */ = {isa = PBXFileReference; lastKnownFileType = sourcecode.swift; path = "Fan Model.swift"; sourceTree = "<group>"; };
		930CFF8C2581884000E8E979 /* House Model.swift */ = {isa = PBXFileReference; lastKnownFileType = sourcecode.swift; path = "House Model.swift"; sourceTree = "<group>"; };
		930CFF932581884B00E8E979 /* House View Model.swift */ = {isa = PBXFileReference; lastKnownFileType = sourcecode.swift; path = "House View Model.swift"; sourceTree = "<group>"; };
		930CFFC4258188F400E8E979 /* Fan View.swift */ = {isa = PBXFileReference; lastKnownFileType = sourcecode.swift; path = "Fan View.swift"; sourceTree = "<group>"; };
		930CFFCB258188FF00E8E979 /* House View.swift */ = {isa = PBXFileReference; lastKnownFileType = sourcecode.swift; path = "House View.swift"; sourceTree = "<group>"; };
		930CFFD22581890700E8E979 /* Settings View.swift */ = {isa = PBXFileReference; lastKnownFileType = sourcecode.swift; path = "Settings View.swift"; sourceTree = "<group>"; };
		933A987D25AAA9240084C535 /* Weather Model.swift */ = {isa = PBXFileReference; lastKnownFileType = sourcecode.swift; path = "Weather Model.swift"; sourceTree = "<group>"; };
		933A988325AAE47B0084C535 /* Server.plist */ = {isa = PBXFileReference; lastKnownFileType = text.plist.xml; path = Server.plist; sourceTree = "<group>"; };
		934C8AB925AB92380037906C /* Location Model.swift */ = {isa = PBXFileReference; lastKnownFileType = sourcecode.swift; path = "Location Model.swift"; sourceTree = "<group>"; };
		934C8AC825AB926F0037906C /* Alarm Model.swift */ = {isa = PBXFileReference; lastKnownFileType = sourcecode.swift; path = "Alarm Model.swift"; sourceTree = "<group>"; };
		934C8ACF25AB92AB0037906C /* Storage Model.swift */ = {isa = PBXFileReference; lastKnownFileType = sourcecode.swift; path = "Storage Model.swift"; sourceTree = "<group>"; };
		936F79D7259FADD500AACA53 /* Timer Sheet.swift */ = {isa = PBXFileReference; lastKnownFileType = sourcecode.swift; path = "Timer Sheet.swift"; sourceTree = "<group>"; };
		936F79E1259FADFC00AACA53 /* Detail Sheet.swift */ = {isa = PBXFileReference; lastKnownFileType = sourcecode.swift; path = "Detail Sheet.swift"; sourceTree = "<group>"; };
		936F79E7259FAE0F00AACA53 /* Name Sheet.swift */ = {isa = PBXFileReference; lastKnownFileType = sourcecode.swift; path = "Name Sheet.swift"; sourceTree = "<group>"; };
		936F79ED259FB59900AACA53 /* Sheet Protocol.swift */ = {isa = PBXFileReference; lastKnownFileType = sourcecode.swift; path = "Sheet Protocol.swift"; sourceTree = "<group>"; };
		937F7C4F25952138009E4754 /* Custom Operators.swift */ = {isa = PBXFileReference; lastKnownFileType = sourcecode.swift; path = "Custom Operators.swift"; sourceTree = "<group>"; };
		937F7C5625952358009E4754 /* Custom Errors.swift */ = {isa = PBXFileReference; lastKnownFileType = sourcecode.swift; path = "Custom Errors.swift"; sourceTree = "<group>"; };
		937F7C612595239B009E4754 /* Custom UI.swift */ = {isa = PBXFileReference; lastKnownFileType = sourcecode.swift; path = "Custom UI.swift"; sourceTree = "<group>"; };
		937F7C7025952556009E4754 /* Test Objects.swift */ = {isa = PBXFileReference; lastKnownFileType = sourcecode.swift; path = "Test Objects.swift"; sourceTree = "<group>"; };
		93CF9547258984A1004BBD49 /* Fan View Model.swift */ = {isa = PBXFileReference; fileEncoding = 4; lastKnownFileType = sourcecode.swift; path = "Fan View Model.swift"; sourceTree = "<group>"; };
/* End PBXFileReference section */

/* Begin PBXFrameworksBuildPhase section */
		930CFF292581878C00E8E979 /* Frameworks */ = {
			isa = PBXFrameworksBuildPhase;
			buildActionMask = 2147483647;
			files = (
			);
			runOnlyForDeploymentPostprocessing = 0;
		};
		930CFF312581878C00E8E979 /* Frameworks */ = {
			isa = PBXFrameworksBuildPhase;
			buildActionMask = 2147483647;
			files = (
			);
			runOnlyForDeploymentPostprocessing = 0;
		};
		930CFF392581878D00E8E979 /* Frameworks */ = {
			isa = PBXFrameworksBuildPhase;
			buildActionMask = 2147483647;
			files = (
			);
			runOnlyForDeploymentPostprocessing = 0;
		};
		930CFF442581878D00E8E979 /* Frameworks */ = {
			isa = PBXFrameworksBuildPhase;
			buildActionMask = 2147483647;
			files = (
			);
			runOnlyForDeploymentPostprocessing = 0;
		};
/* End PBXFrameworksBuildPhase section */

/* Begin PBXGroup section */
		930CFF1F2581878B00E8E979 = {
			isa = PBXGroup;
			children = (
				930CFF242581878B00E8E979 /* Shared */,
				930CFF2E2581878C00E8E979 /* iOS */,
				930CFF352581878D00E8E979 /* macOS */,
				930CFF3F2581878D00E8E979 /* Tests iOS */,
				930CFF4A2581878D00E8E979 /* Tests macOS */,
				930CFF2D2581878C00E8E979 /* Products */,
			);
			sourceTree = "<group>";
		};
		930CFF242581878B00E8E979 /* Shared */ = {
			isa = PBXGroup;
			children = (
				930CFF252581878B00E8E979 /* Airspace Fan.swift */,
				930CFF262581878B00E8E979 /* ContentView.swift */,
				937F7C5625952358009E4754 /* Custom Errors.swift */,
				937F7C4F25952138009E4754 /* Custom Operators.swift */,
				937F7C612595239B009E4754 /* Custom UI.swift */,
				937F7C7025952556009E4754 /* Test Objects.swift */,
				930CFF272581878C00E8E979 /* Assets.xcassets */,
				930CFF66258187EE00E8E979 /* Network resources.swift */,
				930CFF872581882E00E8E979 /* Fan */,
				930CFFA12581885A00E8E979 /* House */,
				93C94E4E259E871F005A3D43 /* Sheets */,
				933A987C25AAA9060084C535 /* Support */,
				930CFFBB258188A300E8E979 /* Settings */,
			);
			path = Shared;
			sourceTree = "<group>";
		};
		930CFF2D2581878C00E8E979 /* Products */ = {
			isa = PBXGroup;
			children = (
				930CFF2C2581878C00E8E979 /* Fan with SwiftUI.app */,
				930CFF342581878C00E8E979 /* Fan with SwiftUI.app */,
				930CFF3C2581878D00E8E979 /* Tests iOS.xctest */,
				930CFF472581878D00E8E979 /* Tests macOS.xctest */,
			);
			name = Products;
			sourceTree = "<group>";
		};
		930CFF2E2581878C00E8E979 /* iOS */ = {
			isa = PBXGroup;
			children = (
				930CFF2F2581878C00E8E979 /* Info.plist */,
				933A988325AAE47B0084C535 /* Server.plist */,
			);
			path = iOS;
			sourceTree = "<group>";
		};
		930CFF352581878D00E8E979 /* macOS */ = {
			isa = PBXGroup;
			children = (
				930CFF362581878D00E8E979 /* Info.plist */,
				930CFF372581878D00E8E979 /* macOS.entitlements */,
			);
			path = macOS;
			sourceTree = "<group>";
		};
		930CFF3F2581878D00E8E979 /* Tests iOS */ = {
			isa = PBXGroup;
			children = (
				930CFF402581878D00E8E979 /* Tests_iOS.swift */,
				930CFF422581878D00E8E979 /* Info.plist */,
			);
			path = "Tests iOS";
			sourceTree = "<group>";
		};
		930CFF4A2581878D00E8E979 /* Tests macOS */ = {
			isa = PBXGroup;
			children = (
				930CFF4B2581878D00E8E979 /* Tests_macOS.swift */,
				930CFF4D2581878D00E8E979 /* Info.plist */,
			);
			path = "Tests macOS";
			sourceTree = "<group>";
		};
		930CFF872581882E00E8E979 /* Fan */ = {
			isa = PBXGroup;
			children = (
				930CFF722581881000E8E979 /* Fan Model.swift */,
				93CF9547258984A1004BBD49 /* Fan View Model.swift */,
				930CFFC4258188F400E8E979 /* Fan View.swift */,
			);
			path = Fan;
			sourceTree = "<group>";
		};
		930CFFA12581885A00E8E979 /* House */ = {
			isa = PBXGroup;
			children = (
				930CFF8C2581884000E8E979 /* House Model.swift */,
				930CFF932581884B00E8E979 /* House View Model.swift */,
				930CFFCB258188FF00E8E979 /* House View.swift */,
			);
			path = House;
			sourceTree = "<group>";
		};
		930CFFBB258188A300E8E979 /* Settings */ = {
			isa = PBXGroup;
			children = (
				930CFFD22581890700E8E979 /* Settings View.swift */,
			);
			path = Settings;
			sourceTree = "<group>";
		};
		933A987C25AAA9060084C535 /* Support */ = {
			isa = PBXGroup;
			children = (
				933A987D25AAA9240084C535 /* Weather Model.swift */,
				934C8AB925AB92380037906C /* Location Model.swift */,
				934C8AC825AB926F0037906C /* Alarm Model.swift */,
				934C8ACF25AB92AB0037906C /* Storage Model.swift */,
			);
			path = Support;
			sourceTree = "<group>";
		};
		93C94E4E259E871F005A3D43 /* Sheets */ = {
			isa = PBXGroup;
			children = (
				936F79D7259FADD500AACA53 /* Timer Sheet.swift */,
				936F79E1259FADFC00AACA53 /* Detail Sheet.swift */,
				936F79E7259FAE0F00AACA53 /* Name Sheet.swift */,
				936F79ED259FB59900AACA53 /* Sheet Protocol.swift */,
			);
			path = Sheets;
			sourceTree = "<group>";
		};
/* End PBXGroup section */

/* Begin PBXNativeTarget section */
		930CFF2B2581878C00E8E979 /* Fan with SwiftUI (iOS) */ = {
			isa = PBXNativeTarget;
			buildConfigurationList = 930CFF562581878D00E8E979 /* Build configuration list for PBXNativeTarget "Fan with SwiftUI (iOS)" */;
			buildPhases = (
				930CFF282581878C00E8E979 /* Sources */,
				930CFF292581878C00E8E979 /* Frameworks */,
				930CFF2A2581878C00E8E979 /* Resources */,
			);
			buildRules = (
			);
			dependencies = (
			);
			name = "Fan with SwiftUI (iOS)";
			productName = "whf001 (iOS)";
			productReference = 930CFF2C2581878C00E8E979 /* Fan with SwiftUI.app */;
			productType = "com.apple.product-type.application";
		};
		930CFF332581878C00E8E979 /* Fan with SwiftUI (macOS) */ = {
			isa = PBXNativeTarget;
			buildConfigurationList = 930CFF592581878D00E8E979 /* Build configuration list for PBXNativeTarget "Fan with SwiftUI (macOS)" */;
			buildPhases = (
				930CFF302581878C00E8E979 /* Sources */,
				930CFF312581878C00E8E979 /* Frameworks */,
				930CFF322581878C00E8E979 /* Resources */,
			);
			buildRules = (
			);
			dependencies = (
			);
			name = "Fan with SwiftUI (macOS)";
			productName = "whf001 (macOS)";
			productReference = 930CFF342581878C00E8E979 /* Fan with SwiftUI.app */;
			productType = "com.apple.product-type.application";
		};
		930CFF3B2581878D00E8E979 /* Tests iOS */ = {
			isa = PBXNativeTarget;
			buildConfigurationList = 930CFF5C2581878D00E8E979 /* Build configuration list for PBXNativeTarget "Tests iOS" */;
			buildPhases = (
				930CFF382581878D00E8E979 /* Sources */,
				930CFF392581878D00E8E979 /* Frameworks */,
				930CFF3A2581878D00E8E979 /* Resources */,
			);
			buildRules = (
			);
			dependencies = (
				930CFF3E2581878D00E8E979 /* PBXTargetDependency */,
			);
			name = "Tests iOS";
			productName = "Tests iOS";
			productReference = 930CFF3C2581878D00E8E979 /* Tests iOS.xctest */;
			productType = "com.apple.product-type.bundle.ui-testing";
		};
		930CFF462581878D00E8E979 /* Tests macOS */ = {
			isa = PBXNativeTarget;
			buildConfigurationList = 930CFF5F2581878D00E8E979 /* Build configuration list for PBXNativeTarget "Tests macOS" */;
			buildPhases = (
				930CFF432581878D00E8E979 /* Sources */,
				930CFF442581878D00E8E979 /* Frameworks */,
				930CFF452581878D00E8E979 /* Resources */,
			);
			buildRules = (
			);
			dependencies = (
				930CFF492581878D00E8E979 /* PBXTargetDependency */,
			);
			name = "Tests macOS";
			productName = "Tests macOS";
			productReference = 930CFF472581878D00E8E979 /* Tests macOS.xctest */;
			productType = "com.apple.product-type.bundle.ui-testing";
		};
/* End PBXNativeTarget section */

/* Begin PBXProject section */
		930CFF202581878B00E8E979 /* Project object */ = {
			isa = PBXProject;
			attributes = {
				LastSwiftUpdateCheck = 1220;
				LastUpgradeCheck = 1220;
				TargetAttributes = {
					930CFF2B2581878C00E8E979 = {
						CreatedOnToolsVersion = 12.2;
					};
					930CFF332581878C00E8E979 = {
						CreatedOnToolsVersion = 12.2;
					};
					930CFF3B2581878D00E8E979 = {
						CreatedOnToolsVersion = 12.2;
						TestTargetID = 930CFF2B2581878C00E8E979;
					};
					930CFF462581878D00E8E979 = {
						CreatedOnToolsVersion = 12.2;
						TestTargetID = 930CFF332581878C00E8E979;
					};
				};
			};
			buildConfigurationList = 930CFF232581878B00E8E979 /* Build configuration list for PBXProject "Fan with SwiftUI" */;
			compatibilityVersion = "Xcode 9.3";
			developmentRegion = en;
			hasScannedForEncodings = 0;
			knownRegions = (
				en,
				Base,
			);
			mainGroup = 930CFF1F2581878B00E8E979;
			productRefGroup = 930CFF2D2581878C00E8E979 /* Products */;
			projectDirPath = "";
			projectRoot = "";
			targets = (
				930CFF2B2581878C00E8E979 /* Fan with SwiftUI (iOS) */,
				930CFF332581878C00E8E979 /* Fan with SwiftUI (macOS) */,
				930CFF3B2581878D00E8E979 /* Tests iOS */,
				930CFF462581878D00E8E979 /* Tests macOS */,
			);
		};
/* End PBXProject section */

/* Begin PBXResourcesBuildPhase section */
		930CFF2A2581878C00E8E979 /* Resources */ = {
			isa = PBXResourcesBuildPhase;
			buildActionMask = 2147483647;
			files = (
				930CFF522581878D00E8E979 /* Assets.xcassets in Resources */,
				933A988425AAE47B0084C535 /* Server.plist in Resources */,
			);
			runOnlyForDeploymentPostprocessing = 0;
		};
		930CFF322581878C00E8E979 /* Resources */ = {
			isa = PBXResourcesBuildPhase;
			buildActionMask = 2147483647;
			files = (
				930CFF532581878D00E8E979 /* Assets.xcassets in Resources */,
			);
			runOnlyForDeploymentPostprocessing = 0;
		};
		930CFF3A2581878D00E8E979 /* Resources */ = {
			isa = PBXResourcesBuildPhase;
			buildActionMask = 2147483647;
			files = (
			);
			runOnlyForDeploymentPostprocessing = 0;
		};
		930CFF452581878D00E8E979 /* Resources */ = {
			isa = PBXResourcesBuildPhase;
			buildActionMask = 2147483647;
			files = (
			);
			runOnlyForDeploymentPostprocessing = 0;
		};
/* End PBXResourcesBuildPhase section */

/* Begin PBXSourcesBuildPhase section */
		930CFF282581878C00E8E979 /* Sources */ = {
			isa = PBXSourcesBuildPhase;
			buildActionMask = 2147483647;
			files = (
				934C8AC925AB926F0037906C /* Alarm Model.swift in Sources */,
				930CFFC5258188F400E8E979 /* Fan View.swift in Sources */,
				936F79EE259FB59900AACA53 /* Sheet Protocol.swift in Sources */,
				930CFF942581884B00E8E979 /* House View Model.swift in Sources */,
				936F79E2259FADFC00AACA53 /* Detail Sheet.swift in Sources */,
				937F7C622595239B009E4754 /* Custom UI.swift in Sources */,
				937F7C7125952556009E4754 /* Test Objects.swift in Sources */,
				930CFF8D2581884000E8E979 /* House Model.swift in Sources */,
				930CFFCC258188FF00E8E979 /* House View.swift in Sources */,
				937F7C5725952358009E4754 /* Custom Errors.swift in Sources */,
				930CFF732581881000E8E979 /* Fan Model.swift in Sources */,
				934C8AD025AB92AB0037906C /* Storage Model.swift in Sources */,
				930CFF502581878D00E8E979 /* ContentView.swift in Sources */,
				937F7C5025952138009E4754 /* Custom Operators.swift in Sources */,
				930CFF4E2581878D00E8E979 /* Airspace Fan.swift in Sources */,
				936F79D8259FADD500AACA53 /* Timer Sheet.swift in Sources */,
				933A987E25AAA9240084C535 /* Weather Model.swift in Sources */,
				934C8ABA25AB92380037906C /* Location Model.swift in Sources */,
				93CF9548258984A1004BBD49 /* Fan View Model.swift in Sources */,
				936F79E8259FAE0F00AACA53 /* Name Sheet.swift in Sources */,
				930CFFD32581890700E8E979 /* Settings View.swift in Sources */,
				930CFF67258187EE00E8E979 /* Network resources.swift in Sources */,
			);
			runOnlyForDeploymentPostprocessing = 0;
		};
		930CFF302581878C00E8E979 /* Sources */ = {
			isa = PBXSourcesBuildPhase;
			buildActionMask = 2147483647;
			files = (
				930CFFC6258188F400E8E979 /* Fan View.swift in Sources */,
				930CFF952581884B00E8E979 /* House View Model.swift in Sources */,
				934C8ACA25AB926F0037906C /* Alarm Model.swift in Sources */,
				937F7C632595239B009E4754 /* Custom UI.swift in Sources */,
				937F7C7225952556009E4754 /* Test Objects.swift in Sources */,
				930CFF8E2581884000E8E979 /* House Model.swift in Sources */,
				930CFFCD258188FF00E8E979 /* House View.swift in Sources */,
				937F7C5825952358009E4754 /* Custom Errors.swift in Sources */,
				930CFF742581881000E8E979 /* Fan Model.swift in Sources */,
				930CFF512581878D00E8E979 /* ContentView.swift in Sources */,
				937F7C5125952138009E4754 /* Custom Operators.swift in Sources */,
				934C8AD125AB92AB0037906C /* Storage Model.swift in Sources */,
				930CFF4F2581878D00E8E979 /* Airspace Fan.swift in Sources */,
				93CF9549258984A1004BBD49 /* Fan View Model.swift in Sources */,
				930CFFD42581890700E8E979 /* Settings View.swift in Sources */,
				930CFF68258187EE00E8E979 /* Network resources.swift in Sources */,
			);
			runOnlyForDeploymentPostprocessing = 0;
		};
		930CFF382581878D00E8E979 /* Sources */ = {
			isa = PBXSourcesBuildPhase;
			buildActionMask = 2147483647;
			files = (
				930CFF412581878D00E8E979 /* Tests_iOS.swift in Sources */,
			);
			runOnlyForDeploymentPostprocessing = 0;
		};
		930CFF432581878D00E8E979 /* Sources */ = {
			isa = PBXSourcesBuildPhase;
			buildActionMask = 2147483647;
			files = (
				930CFF4C2581878D00E8E979 /* Tests_macOS.swift in Sources */,
			);
			runOnlyForDeploymentPostprocessing = 0;
		};
/* End PBXSourcesBuildPhase section */

/* Begin PBXTargetDependency section */
		930CFF3E2581878D00E8E979 /* PBXTargetDependency */ = {
			isa = PBXTargetDependency;
			target = 930CFF2B2581878C00E8E979 /* Fan with SwiftUI (iOS) */;
			targetProxy = 930CFF3D2581878D00E8E979 /* PBXContainerItemProxy */;
		};
		930CFF492581878D00E8E979 /* PBXTargetDependency */ = {
			isa = PBXTargetDependency;
			target = 930CFF332581878C00E8E979 /* Fan with SwiftUI (macOS) */;
			targetProxy = 930CFF482581878D00E8E979 /* PBXContainerItemProxy */;
		};
/* End PBXTargetDependency section */

/* Begin XCBuildConfiguration section */
		930CFF542581878D00E8E979 /* Debug */ = {
			isa = XCBuildConfiguration;
			buildSettings = {
				ALWAYS_SEARCH_USER_PATHS = NO;
				CLANG_ANALYZER_NONNULL = YES;
				CLANG_ANALYZER_NUMBER_OBJECT_CONVERSION = YES_AGGRESSIVE;
				CLANG_CXX_LANGUAGE_STANDARD = "gnu++14";
				CLANG_CXX_LIBRARY = "libc++";
				CLANG_ENABLE_MODULES = YES;
				CLANG_ENABLE_OBJC_ARC = YES;
				CLANG_ENABLE_OBJC_WEAK = YES;
				CLANG_WARN_BLOCK_CAPTURE_AUTORELEASING = YES;
				CLANG_WARN_BOOL_CONVERSION = YES;
				CLANG_WARN_COMMA = YES;
				CLANG_WARN_CONSTANT_CONVERSION = YES;
				CLANG_WARN_DEPRECATED_OBJC_IMPLEMENTATIONS = YES;
				CLANG_WARN_DIRECT_OBJC_ISA_USAGE = YES_ERROR;
				CLANG_WARN_DOCUMENTATION_COMMENTS = YES;
				CLANG_WARN_EMPTY_BODY = YES;
				CLANG_WARN_ENUM_CONVERSION = YES;
				CLANG_WARN_INFINITE_RECURSION = YES;
				CLANG_WARN_INT_CONVERSION = YES;
				CLANG_WARN_NON_LITERAL_NULL_CONVERSION = YES;
				CLANG_WARN_OBJC_IMPLICIT_RETAIN_SELF = YES;
				CLANG_WARN_OBJC_LITERAL_CONVERSION = YES;
				CLANG_WARN_OBJC_ROOT_CLASS = YES_ERROR;
				CLANG_WARN_QUOTED_INCLUDE_IN_FRAMEWORK_HEADER = YES;
				CLANG_WARN_RANGE_LOOP_ANALYSIS = YES;
				CLANG_WARN_STRICT_PROTOTYPES = YES;
				CLANG_WARN_SUSPICIOUS_MOVE = YES;
				CLANG_WARN_UNGUARDED_AVAILABILITY = YES_AGGRESSIVE;
				CLANG_WARN_UNREACHABLE_CODE = YES;
				CLANG_WARN__DUPLICATE_METHOD_MATCH = YES;
				COPY_PHASE_STRIP = NO;
				DEBUG_INFORMATION_FORMAT = dwarf;
				ENABLE_STRICT_OBJC_MSGSEND = YES;
				ENABLE_TESTABILITY = YES;
				GCC_C_LANGUAGE_STANDARD = gnu11;
				GCC_DYNAMIC_NO_PIC = NO;
				GCC_NO_COMMON_BLOCKS = YES;
				GCC_OPTIMIZATION_LEVEL = 0;
				GCC_PREPROCESSOR_DEFINITIONS = (
					"DEBUG=1",
					"$(inherited)",
				);
				GCC_WARN_64_TO_32_BIT_CONVERSION = YES;
				GCC_WARN_ABOUT_RETURN_TYPE = YES_ERROR;
				GCC_WARN_UNDECLARED_SELECTOR = YES;
				GCC_WARN_UNINITIALIZED_AUTOS = YES_AGGRESSIVE;
				GCC_WARN_UNUSED_FUNCTION = YES;
				GCC_WARN_UNUSED_VARIABLE = YES;
				MTL_ENABLE_DEBUG_INFO = INCLUDE_SOURCE;
				MTL_FAST_MATH = YES;
				ONLY_ACTIVE_ARCH = YES;
				SWIFT_ACTIVE_COMPILATION_CONDITIONS = DEBUG;
				SWIFT_OPTIMIZATION_LEVEL = "-Onone";
			};
			name = Debug;
		};
		930CFF552581878D00E8E979 /* Release */ = {
			isa = XCBuildConfiguration;
			buildSettings = {
				ALWAYS_SEARCH_USER_PATHS = NO;
				CLANG_ANALYZER_NONNULL = YES;
				CLANG_ANALYZER_NUMBER_OBJECT_CONVERSION = YES_AGGRESSIVE;
				CLANG_CXX_LANGUAGE_STANDARD = "gnu++14";
				CLANG_CXX_LIBRARY = "libc++";
				CLANG_ENABLE_MODULES = YES;
				CLANG_ENABLE_OBJC_ARC = YES;
				CLANG_ENABLE_OBJC_WEAK = YES;
				CLANG_WARN_BLOCK_CAPTURE_AUTORELEASING = YES;
				CLANG_WARN_BOOL_CONVERSION = YES;
				CLANG_WARN_COMMA = YES;
				CLANG_WARN_CONSTANT_CONVERSION = YES;
				CLANG_WARN_DEPRECATED_OBJC_IMPLEMENTATIONS = YES;
				CLANG_WARN_DIRECT_OBJC_ISA_USAGE = YES_ERROR;
				CLANG_WARN_DOCUMENTATION_COMMENTS = YES;
				CLANG_WARN_EMPTY_BODY = YES;
				CLANG_WARN_ENUM_CONVERSION = YES;
				CLANG_WARN_INFINITE_RECURSION = YES;
				CLANG_WARN_INT_CONVERSION = YES;
				CLANG_WARN_NON_LITERAL_NULL_CONVERSION = YES;
				CLANG_WARN_OBJC_IMPLICIT_RETAIN_SELF = YES;
				CLANG_WARN_OBJC_LITERAL_CONVERSION = YES;
				CLANG_WARN_OBJC_ROOT_CLASS = YES_ERROR;
				CLANG_WARN_QUOTED_INCLUDE_IN_FRAMEWORK_HEADER = YES;
				CLANG_WARN_RANGE_LOOP_ANALYSIS = YES;
				CLANG_WARN_STRICT_PROTOTYPES = YES;
				CLANG_WARN_SUSPICIOUS_MOVE = YES;
				CLANG_WARN_UNGUARDED_AVAILABILITY = YES_AGGRESSIVE;
				CLANG_WARN_UNREACHABLE_CODE = YES;
				CLANG_WARN__DUPLICATE_METHOD_MATCH = YES;
				COPY_PHASE_STRIP = NO;
				DEBUG_INFORMATION_FORMAT = "dwarf-with-dsym";
				ENABLE_NS_ASSERTIONS = NO;
				ENABLE_STRICT_OBJC_MSGSEND = YES;
				GCC_C_LANGUAGE_STANDARD = gnu11;
				GCC_NO_COMMON_BLOCKS = YES;
				GCC_WARN_64_TO_32_BIT_CONVERSION = YES;
				GCC_WARN_ABOUT_RETURN_TYPE = YES_ERROR;
				GCC_WARN_UNDECLARED_SELECTOR = YES;
				GCC_WARN_UNINITIALIZED_AUTOS = YES_AGGRESSIVE;
				GCC_WARN_UNUSED_FUNCTION = YES;
				GCC_WARN_UNUSED_VARIABLE = YES;
				MTL_ENABLE_DEBUG_INFO = NO;
				MTL_FAST_MATH = YES;
				SWIFT_COMPILATION_MODE = wholemodule;
				SWIFT_OPTIMIZATION_LEVEL = "-O";
			};
			name = Release;
		};
		930CFF572581878D00E8E979 /* Debug */ = {
			isa = XCBuildConfiguration;
			buildSettings = {
				ASSETCATALOG_COMPILER_APPICON_NAME = AppIcon;
				ASSETCATALOG_COMPILER_GLOBAL_ACCENT_COLOR_NAME = AccentColor;
				CODE_SIGN_STYLE = Automatic;
				DEVELOPMENT_TEAM = U5FYS9QYU3;
				ENABLE_PREVIEWS = YES;
				INFOPLIST_FILE = iOS/Info.plist;
				IPHONEOS_DEPLOYMENT_TARGET = 14.0;
				LD_RUNPATH_SEARCH_PATHS = (
					"$(inherited)",
					"@executable_path/Frameworks",
				);
				PRODUCT_BUNDLE_IDENTIFIER = com.porchdog.whf001;
				PRODUCT_NAME = "Fan with SwiftUI";
				SDKROOT = iphoneos;
				SWIFT_VERSION = 5.0;
				TARGETED_DEVICE_FAMILY = "1,2";
			};
			name = Debug;
		};
		930CFF582581878D00E8E979 /* Release */ = {
			isa = XCBuildConfiguration;
			buildSettings = {
				ASSETCATALOG_COMPILER_APPICON_NAME = AppIcon;
				ASSETCATALOG_COMPILER_GLOBAL_ACCENT_COLOR_NAME = AccentColor;
				CODE_SIGN_STYLE = Automatic;
				DEVELOPMENT_TEAM = U5FYS9QYU3;
				ENABLE_PREVIEWS = YES;
				INFOPLIST_FILE = iOS/Info.plist;
				IPHONEOS_DEPLOYMENT_TARGET = 14.0;
				LD_RUNPATH_SEARCH_PATHS = (
					"$(inherited)",
					"@executable_path/Frameworks",
				);
				PRODUCT_BUNDLE_IDENTIFIER = com.porchdog.whf001;
				PRODUCT_NAME = "Fan with SwiftUI";
				SDKROOT = iphoneos;
				SWIFT_VERSION = 5.0;
				TARGETED_DEVICE_FAMILY = "1,2";
				VALIDATE_PRODUCT = YES;
			};
			name = Release;
		};
		930CFF5A2581878D00E8E979 /* Debug */ = {
			isa = XCBuildConfiguration;
			buildSettings = {
				ASSETCATALOG_COMPILER_APPICON_NAME = AppIcon;
				ASSETCATALOG_COMPILER_GLOBAL_ACCENT_COLOR_NAME = AccentColor;
				CODE_SIGN_ENTITLEMENTS = macOS/macOS.entitlements;
				CODE_SIGN_STYLE = Automatic;
				COMBINE_HIDPI_IMAGES = YES;
				DEVELOPMENT_TEAM = U5FYS9QYU3;
				ENABLE_HARDENED_RUNTIME = YES;
				ENABLE_PREVIEWS = YES;
				INFOPLIST_FILE = macOS/Info.plist;
				LD_RUNPATH_SEARCH_PATHS = (
					"$(inherited)",
					"@executable_path/../Frameworks",
				);
				MACOSX_DEPLOYMENT_TARGET = 11.0;
				PRODUCT_BUNDLE_IDENTIFIER = com.porchdog.whf001;
				PRODUCT_NAME = "Fan with SwiftUI";
				SDKROOT = macosx;
				SWIFT_VERSION = 5.0;
			};
			name = Debug;
		};
		930CFF5B2581878D00E8E979 /* Release */ = {
			isa = XCBuildConfiguration;
			buildSettings = {
				ASSETCATALOG_COMPILER_APPICON_NAME = AppIcon;
				ASSETCATALOG_COMPILER_GLOBAL_ACCENT_COLOR_NAME = AccentColor;
				CODE_SIGN_ENTITLEMENTS = macOS/macOS.entitlements;
				CODE_SIGN_STYLE = Automatic;
				COMBINE_HIDPI_IMAGES = YES;
				DEVELOPMENT_TEAM = U5FYS9QYU3;
				ENABLE_HARDENED_RUNTIME = YES;
				ENABLE_PREVIEWS = YES;
				INFOPLIST_FILE = macOS/Info.plist;
				LD_RUNPATH_SEARCH_PATHS = (
					"$(inherited)",
					"@executable_path/../Frameworks",
				);
				MACOSX_DEPLOYMENT_TARGET = 11.0;
				PRODUCT_BUNDLE_IDENTIFIER = com.porchdog.whf001;
				PRODUCT_NAME = "Fan with SwiftUI";
				SDKROOT = macosx;
				SWIFT_VERSION = 5.0;
			};
			name = Release;
		};
		930CFF5D2581878D00E8E979 /* Debug */ = {
			isa = XCBuildConfiguration;
			buildSettings = {
				ALWAYS_EMBED_SWIFT_STANDARD_LIBRARIES = YES;
				CODE_SIGN_STYLE = Automatic;
				DEVELOPMENT_TEAM = U5FYS9QYU3;
				INFOPLIST_FILE = "Tests iOS/Info.plist";
				IPHONEOS_DEPLOYMENT_TARGET = 14.2;
				LD_RUNPATH_SEARCH_PATHS = (
					"$(inherited)",
					"@executable_path/Frameworks",
					"@loader_path/Frameworks",
				);
				PRODUCT_BUNDLE_IDENTIFIER = "com.porchdog.Tests-iOS";
				PRODUCT_NAME = "$(TARGET_NAME)";
				SDKROOT = iphoneos;
				SWIFT_VERSION = 5.0;
				TARGETED_DEVICE_FAMILY = "1,2";
				TEST_TARGET_NAME = "whf001 (iOS)";
			};
			name = Debug;
		};
		930CFF5E2581878D00E8E979 /* Release */ = {
			isa = XCBuildConfiguration;
			buildSettings = {
				ALWAYS_EMBED_SWIFT_STANDARD_LIBRARIES = YES;
				CODE_SIGN_STYLE = Automatic;
				DEVELOPMENT_TEAM = U5FYS9QYU3;
				INFOPLIST_FILE = "Tests iOS/Info.plist";
				IPHONEOS_DEPLOYMENT_TARGET = 14.2;
				LD_RUNPATH_SEARCH_PATHS = (
					"$(inherited)",
					"@executable_path/Frameworks",
					"@loader_path/Frameworks",
				);
				PRODUCT_BUNDLE_IDENTIFIER = "com.porchdog.Tests-iOS";
				PRODUCT_NAME = "$(TARGET_NAME)";
				SDKROOT = iphoneos;
				SWIFT_VERSION = 5.0;
				TARGETED_DEVICE_FAMILY = "1,2";
				TEST_TARGET_NAME = "whf001 (iOS)";
				VALIDATE_PRODUCT = YES;
			};
			name = Release;
		};
		930CFF602581878D00E8E979 /* Debug */ = {
			isa = XCBuildConfiguration;
			buildSettings = {
				ALWAYS_EMBED_SWIFT_STANDARD_LIBRARIES = YES;
				CODE_SIGN_STYLE = Automatic;
				COMBINE_HIDPI_IMAGES = YES;
				DEVELOPMENT_TEAM = U5FYS9QYU3;
				INFOPLIST_FILE = "Tests macOS/Info.plist";
				LD_RUNPATH_SEARCH_PATHS = (
					"$(inherited)",
					"@executable_path/../Frameworks",
					"@loader_path/../Frameworks",
				);
				MACOSX_DEPLOYMENT_TARGET = 11.0;
				PRODUCT_BUNDLE_IDENTIFIER = "com.porchdog.Tests-macOS";
				PRODUCT_NAME = "$(TARGET_NAME)";
				SDKROOT = macosx;
				SWIFT_VERSION = 5.0;
				TEST_TARGET_NAME = "whf001 (macOS)";
			};
			name = Debug;
		};
		930CFF612581878D00E8E979 /* Release */ = {
			isa = XCBuildConfiguration;
			buildSettings = {
				ALWAYS_EMBED_SWIFT_STANDARD_LIBRARIES = YES;
				CODE_SIGN_STYLE = Automatic;
				COMBINE_HIDPI_IMAGES = YES;
				DEVELOPMENT_TEAM = U5FYS9QYU3;
				INFOPLIST_FILE = "Tests macOS/Info.plist";
				LD_RUNPATH_SEARCH_PATHS = (
					"$(inherited)",
					"@executable_path/../Frameworks",
					"@loader_path/../Frameworks",
				);
				MACOSX_DEPLOYMENT_TARGET = 11.0;
				PRODUCT_BUNDLE_IDENTIFIER = "com.porchdog.Tests-macOS";
				PRODUCT_NAME = "$(TARGET_NAME)";
				SDKROOT = macosx;
				SWIFT_VERSION = 5.0;
				TEST_TARGET_NAME = "whf001 (macOS)";
			};
			name = Release;
		};
/* End XCBuildConfiguration section */

/* Begin XCConfigurationList section */
		930CFF232581878B00E8E979 /* Build configuration list for PBXProject "Fan with SwiftUI" */ = {
			isa = XCConfigurationList;
			buildConfigurations = (
				930CFF542581878D00E8E979 /* Debug */,
				930CFF552581878D00E8E979 /* Release */,
			);
			defaultConfigurationIsVisible = 0;
			defaultConfigurationName = Release;
		};
		930CFF562581878D00E8E979 /* Build configuration list for PBXNativeTarget "Fan with SwiftUI (iOS)" */ = {
			isa = XCConfigurationList;
			buildConfigurations = (
				930CFF572581878D00E8E979 /* Debug */,
				930CFF582581878D00E8E979 /* Release */,
			);
			defaultConfigurationIsVisible = 0;
			defaultConfigurationName = Release;
		};
		930CFF592581878D00E8E979 /* Build configuration list for PBXNativeTarget "Fan with SwiftUI (macOS)" */ = {
			isa = XCConfigurationList;
			buildConfigurations = (
				930CFF5A2581878D00E8E979 /* Debug */,
				930CFF5B2581878D00E8E979 /* Release */,
			);
			defaultConfigurationIsVisible = 0;
			defaultConfigurationName = Release;
		};
		930CFF5C2581878D00E8E979 /* Build configuration list for PBXNativeTarget "Tests iOS" */ = {
			isa = XCConfigurationList;
			buildConfigurations = (
				930CFF5D2581878D00E8E979 /* Debug */,
				930CFF5E2581878D00E8E979 /* Release */,
			);
			defaultConfigurationIsVisible = 0;
			defaultConfigurationName = Release;
		};
		930CFF5F2581878D00E8E979 /* Build configuration list for PBXNativeTarget "Tests macOS" */ = {
			isa = XCConfigurationList;
			buildConfigurations = (
				930CFF602581878D00E8E979 /* Debug */,
				930CFF612581878D00E8E979 /* Release */,
			);
			defaultConfigurationIsVisible = 0;
			defaultConfigurationName = Release;
		};
/* End XCConfigurationList section */
	};
	rootObject = 930CFF202581878B00E8E979 /* Project object */;
}
